// !$*UTF8*$!
{
	archiveVersion = 1;
	classes = {
	};
	objectVersion = 50;
	objects = {

/* Begin PBXBuildFile section */
		6AAC37D82632F13000B96CDC /* SwiftUICameraApp.swift in Sources */ = {isa = PBXBuildFile; fileRef = 6AAC37D72632F13000B96CDC /* SwiftUICameraApp.swift */; };
		6AAC37DA2632F13000B96CDC /* ContentView.swift in Sources */ = {isa = PBXBuildFile; fileRef = 6AAC37D92632F13000B96CDC /* ContentView.swift */; };
		6AAC37DC2632F13200B96CDC /* Assets.xcassets in Resources */ = {isa = PBXBuildFile; fileRef = 6AAC37DB2632F13200B96CDC /* Assets.xcassets */; };
		6AAC37DF2632F13200B96CDC /* Preview Assets.xcassets in Resources */ = {isa = PBXBuildFile; fileRef = 6AAC37DE2632F13200B96CDC /* Preview Assets.xcassets */; };
		6AAC380E2632FDA900B96CDC /* ImagePicker.swift in Sources */ = {isa = PBXBuildFile; fileRef = 6AAC380D2632FDA900B96CDC /* ImagePicker.swift */; };
/* End PBXBuildFile section */

/* Begin PBXContainerItemProxy section */
		6AAC37E62632F13200B96CDC /* PBXContainerItemProxy */ = {
			isa = PBXContainerItemProxy;
			containerPortal = 6AAC37CC2632F13000B96CDC /* Project object */;
			proxyType = 1;
			remoteGlobalIDString = 6AAC37D32632F13000B96CDC;
			remoteInfo = SwiftUICamera;
		};
		6AAC37F12632F13200B96CDC /* PBXContainerItemProxy */ = {
			isa = PBXContainerItemProxy;
			containerPortal = 6AAC37CC2632F13000B96CDC /* Project object */;
			proxyType = 1;
			remoteGlobalIDString = 6AAC37D32632F13000B96CDC;
			remoteInfo = SwiftUICamera;
		};
/* End PBXContainerItemProxy section */

/* Begin PBXFileReference section */
		6AAC37D42632F13000B96CDC /* SwiftUICamera.app */ = {isa = PBXFileReference; explicitFileType = wrapper.application; includeInIndex = 0; path = SwiftUICamera.app; sourceTree = BUILT_PRODUCTS_DIR; };
		6AAC37D72632F13000B96CDC /* SwiftUICameraApp.swift */ = {isa = PBXFileReference; lastKnownFileType = sourcecode.swift; path = SwiftUICameraApp.swift; sourceTree = "<group>"; };
		6AAC37D92632F13000B96CDC /* ContentView.swift */ = {isa = PBXFileReference; lastKnownFileType = sourcecode.swift; path = ContentView.swift; sourceTree = "<group>"; };
		6AAC37DB2632F13200B96CDC /* Assets.xcassets */ = {isa = PBXFileReference; lastKnownFileType = folder.assetcatalog; path = Assets.xcassets; sourceTree = "<group>"; };
		6AAC37DE2632F13200B96CDC /* Preview Assets.xcassets */ = {isa = PBXFileReference; lastKnownFileType = folder.assetcatalog; path = "Preview Assets.xcassets"; sourceTree = "<group>"; };
		6AAC37E02632F13200B96CDC /* Info.plist */ = {isa = PBXFileReference; lastKnownFileType = text.plist.xml; path = Info.plist; sourceTree = "<group>"; };
		6AAC37E52632F13200B96CDC /* SwiftUICameraTests.xctest */ = {isa = PBXFileReference; explicitFileType = wrapper.cfbundle; includeInIndex = 0; path = SwiftUICameraTests.xctest; sourceTree = BUILT_PRODUCTS_DIR; };
		6AAC37F02632F13200B96CDC /* SwiftUICameraUITests.xctest */ = {isa = PBXFileReference; explicitFileType = wrapper.cfbundle; includeInIndex = 0; path = SwiftUICameraUITests.xctest; sourceTree = BUILT_PRODUCTS_DIR; };
		6AAC380D2632FDA900B96CDC /* ImagePicker.swift */ = {isa = PBXFileReference; lastKnownFileType = sourcecode.swift; path = ImagePicker.swift; sourceTree = "<group>"; };
/* End PBXFileReference section */

/* Begin PBXFrameworksBuildPhase section */
		6AAC37D12632F13000B96CDC /* Frameworks */ = {
			isa = PBXFrameworksBuildPhase;
			buildActionMask = 2147483647;
			files = (
			);
			runOnlyForDeploymentPostprocessing = 0;
		};
		6AAC37E22632F13200B96CDC /* Frameworks */ = {
			isa = PBXFrameworksBuildPhase;
			buildActionMask = 2147483647;
			files = (
			);
			runOnlyForDeploymentPostprocessing = 0;
		};
		6AAC37ED2632F13200B96CDC /* Frameworks */ = {
			isa = PBXFrameworksBuildPhase;
			buildActionMask = 2147483647;
			files = (
			);
			runOnlyForDeploymentPostprocessing = 0;
		};
/* End PBXFrameworksBuildPhase section */

/* Begin PBXGroup section */
		6AAC37CB2632F13000B96CDC = {
			isa = PBXGroup;
			children = (
				6AAC37D62632F13000B96CDC /* SwiftUICamera */,
				6AAC37D52632F13000B96CDC /* Products */,
			);
			sourceTree = "<group>";
		};
		6AAC37D52632F13000B96CDC /* Products */ = {
			isa = PBXGroup;
			children = (
				6AAC37D42632F13000B96CDC /* SwiftUICamera.app */,
				6AAC37E52632F13200B96CDC /* SwiftUICameraTests.xctest */,
				6AAC37F02632F13200B96CDC /* SwiftUICameraUITests.xctest */,
			);
			name = Products;
			sourceTree = "<group>";
		};
		6AAC37D62632F13000B96CDC /* SwiftUICamera */ = {
			isa = PBXGroup;
			children = (
				6AAC37D72632F13000B96CDC /* SwiftUICameraApp.swift */,
				6AAC37D92632F13000B96CDC /* ContentView.swift */,
				6AAC37DB2632F13200B96CDC /* Assets.xcassets */,
				6AAC37E02632F13200B96CDC /* Info.plist */,
				6AAC37DD2632F13200B96CDC /* Preview Content */,
				6AAC380D2632FDA900B96CDC /* ImagePicker.swift */,
			);
			path = SwiftUICamera;
			sourceTree = "<group>";
		};
		6AAC37DD2632F13200B96CDC /* Preview Content */ = {
			isa = PBXGroup;
			children = (
				6AAC37DE2632F13200B96CDC /* Preview Assets.xcassets */,
			);
			path = "Preview Content";
			sourceTree = "<group>";
		};
/* End PBXGroup section */

/* Begin PBXNativeTarget section */
		6AAC37D32632F13000B96CDC /* SwiftUICamera */ = {
			isa = PBXNativeTarget;
			buildConfigurationList = 6AAC37F92632F13200B96CDC /* Build configuration list for PBXNativeTarget "SwiftUICamera" */;
			buildPhases = (
				6AAC37D02632F13000B96CDC /* Sources */,
				6AAC37D12632F13000B96CDC /* Frameworks */,
				6AAC37D22632F13000B96CDC /* Resources */,
			);
			buildRules = (
			);
			dependencies = (
			);
			name = SwiftUICamera;
			productName = SwiftUICamera;
			productReference = 6AAC37D42632F13000B96CDC /* SwiftUICamera.app */;
			productType = "com.apple.product-type.application";
		};
		6AAC37E42632F13200B96CDC /* SwiftUICameraTests */ = {
			isa = PBXNativeTarget;
			buildConfigurationList = 6AAC37FC2632F13200B96CDC /* Build configuration list for PBXNativeTarget "SwiftUICameraTests" */;
			buildPhases = (
				6AAC37E12632F13200B96CDC /* Sources */,
				6AAC37E22632F13200B96CDC /* Frameworks */,
				6AAC37E32632F13200B96CDC /* Resources */,
			);
			buildRules = (
			);
			dependencies = (
				6AAC37E72632F13200B96CDC /* PBXTargetDependency */,
			);
			name = SwiftUICameraTests;
			productName = SwiftUICameraTests;
			productReference = 6AAC37E52632F13200B96CDC /* SwiftUICameraTests.xctest */;
			productType = "com.apple.product-type.bundle.unit-test";
		};
		6AAC37EF2632F13200B96CDC /* SwiftUICameraUITests */ = {
			isa = PBXNativeTarget;
			buildConfigurationList = 6AAC37FF2632F13200B96CDC /* Build configuration list for PBXNativeTarget "SwiftUICameraUITests" */;
			buildPhases = (
				6AAC37EC2632F13200B96CDC /* Sources */,
				6AAC37ED2632F13200B96CDC /* Frameworks */,
				6AAC37EE2632F13200B96CDC /* Resources */,
			);
			buildRules = (
			);
			dependencies = (
				6AAC37F22632F13200B96CDC /* PBXTargetDependency */,
			);
			name = SwiftUICameraUITests;
			productName = SwiftUICameraUITests;
			productReference = 6AAC37F02632F13200B96CDC /* SwiftUICameraUITests.xctest */;
			productType = "com.apple.product-type.bundle.ui-testing";
		};
/* End PBXNativeTarget section */

/* Begin PBXProject section */
		6AAC37CC2632F13000B96CDC /* Project object */ = {
			isa = PBXProject;
			attributes = {
				LastSwiftUpdateCheck = 1240;
				LastUpgradeCheck = 1240;
				TargetAttributes = {
					6AAC37D32632F13000B96CDC = {
						CreatedOnToolsVersion = 12.4;
					};
					6AAC37E42632F13200B96CDC = {
						CreatedOnToolsVersion = 12.4;
						TestTargetID = 6AAC37D32632F13000B96CDC;
					};
					6AAC37EF2632F13200B96CDC = {
						CreatedOnToolsVersion = 12.4;
						TestTargetID = 6AAC37D32632F13000B96CDC;
					};
				};
			};
			buildConfigurationList = 6AAC37CF2632F13000B96CDC /* Build configuration list for PBXProject "SwiftUICamera" */;
			compatibilityVersion = "Xcode 9.3";
			developmentRegion = en;
			hasScannedForEncodings = 0;
			knownRegions = (
				en,
				Base,
			);
			mainGroup = 6AAC37CB2632F13000B96CDC;
			productRefGroup = 6AAC37D52632F13000B96CDC /* Products */;
			projectDirPath = "";
			projectRoot = "";
			targets = (
				6AAC37D32632F13000B96CDC /* SwiftUICamera */,
				6AAC37E42632F13200B96CDC /* SwiftUICameraTests */,
				6AAC37EF2632F13200B96CDC /* SwiftUICameraUITests */,
			);
		};
/* End PBXProject section */

/* Begin PBXResourcesBuildPhase section */
		6AAC37D22632F13000B96CDC /* Resources */ = {
			isa = PBXResourcesBuildPhase;
			buildActionMask = 2147483647;
			files = (
				6AAC37DF2632F13200B96CDC /* Preview Assets.xcassets in Resources */,
				6AAC37DC2632F13200B96CDC /* Assets.xcassets in Resources */,
			);
			runOnlyForDeploymentPostprocessing = 0;
		};
		6AAC37E32632F13200B96CDC /* Resources */ = {
			isa = PBXResourcesBuildPhase;
			buildActionMask = 2147483647;
			files = (
			);
			runOnlyForDeploymentPostprocessing = 0;
		};
		6AAC37EE2632F13200B96CDC /* Resources */ = {
			isa = PBXResourcesBuildPhase;
			buildActionMask = 2147483647;
			files = (
			);
			runOnlyForDeploymentPostprocessing = 0;
		};
/* End PBXResourcesBuildPhase section */

/* Begin PBXSourcesBuildPhase section */
		6AAC37D02632F13000B96CDC /* Sources */ = {
			isa = PBXSourcesBuildPhase;
			buildActionMask = 2147483647;
			files = (
				6AAC380E2632FDA900B96CDC /* ImagePicker.swift in Sources */,
				6AAC37DA2632F13000B96CDC /* ContentView.swift in Sources */,
				6AAC37D82632F13000B96CDC /* SwiftUICameraApp.swift in Sources */,
			);
			runOnlyForDeploymentPostprocessing = 0;
		};
		6AAC37E12632F13200B96CDC /* Sources */ = {
			isa = PBXSourcesBuildPhase;
			buildActionMask = 2147483647;
			files = (
			);
			runOnlyForDeploymentPostprocessing = 0;
		};
		6AAC37EC2632F13200B96CDC /* Sources */ = {
			isa = PBXSourcesBuildPhase;
			buildActionMask = 2147483647;
			files = (
			);
			runOnlyForDeploymentPostprocessing = 0;
		};
/* End PBXSourcesBuildPhase section */

/* Begin PBXTargetDependency section */
		6AAC37E72632F13200B96CDC /* PBXTargetDependency */ = {
			isa = PBXTargetDependency;
			target = 6AAC37D32632F13000B96CDC /* SwiftUICamera */;
			targetProxy = 6AAC37E62632F13200B96CDC /* PBXContainerItemProxy */;
		};
		6AAC37F22632F13200B96CDC /* PBXTargetDependency */ = {
			isa = PBXTargetDependency;
			target = 6AAC37D32632F13000B96CDC /* SwiftUICamera */;
			targetProxy = 6AAC37F12632F13200B96CDC /* PBXContainerItemProxy */;
		};
/* End PBXTargetDependency section */

/* Begin XCBuildConfiguration section */
		6AAC37F72632F13200B96CDC /* Debug */ = {
			isa = XCBuildConfiguration;
			buildSettings = {
				ALWAYS_SEARCH_USER_PATHS = NO;
				CLANG_ANALYZER_NONNULL = YES;
				CLANG_ANALYZER_NUMBER_OBJECT_CONVERSION = YES_AGGRESSIVE;
				CLANG_CXX_LANGUAGE_STANDARD = "gnu++14";
				CLANG_CXX_LIBRARY = "libc++";
				CLANG_ENABLE_MODULES = YES;
				CLANG_ENABLE_OBJC_ARC = YES;
				CLANG_ENABLE_OBJC_WEAK = YES;
				CLANG_WARN_BLOCK_CAPTURE_AUTORELEASING = YES;
				CLANG_WARN_BOOL_CONVERSION = YES;
				CLANG_WARN_COMMA = YES;
				CLANG_WARN_CONSTANT_CONVERSION = YES;
				CLANG_WARN_DEPRECATED_OBJC_IMPLEMENTATIONS = YES;
				CLANG_WARN_DIRECT_OBJC_ISA_USAGE = YES_ERROR;
				CLANG_WARN_DOCUMENTATION_COMMENTS = YES;
				CLANG_WARN_EMPTY_BODY = YES;
				CLANG_WARN_ENUM_CONVERSION = YES;
				CLANG_WARN_INFINITE_RECURSION = YES;
				CLANG_WARN_INT_CONVERSION = YES;
				CLANG_WARN_NON_LITERAL_NULL_CONVERSION = YES;
				CLANG_WARN_OBJC_IMPLICIT_RETAIN_SELF = YES;
				CLANG_WARN_OBJC_LITERAL_CONVERSION = YES;
				CLANG_WARN_OBJC_ROOT_CLASS = YES_ERROR;
				CLANG_WARN_QUOTED_INCLUDE_IN_FRAMEWORK_HEADER = YES;
				CLANG_WARN_RANGE_LOOP_ANALYSIS = YES;
				CLANG_WARN_STRICT_PROTOTYPES = YES;
				CLANG_WARN_SUSPICIOUS_MOVE = YES;
				CLANG_WARN_UNGUARDED_AVAILABILITY = YES_AGGRESSIVE;
				CLANG_WARN_UNREACHABLE_CODE = YES;
				CLANG_WARN__DUPLICATE_METHOD_MATCH = YES;
				COPY_PHASE_STRIP = NO;
				DEBUG_INFORMATION_FORMAT = dwarf;
				ENABLE_STRICT_OBJC_MSGSEND = YES;
				ENABLE_TESTABILITY = YES;
				GCC_C_LANGUAGE_STANDARD = gnu11;
				GCC_DYNAMIC_NO_PIC = NO;
				GCC_NO_COMMON_BLOCKS = YES;
				GCC_OPTIMIZATION_LEVEL = 0;
				GCC_PREPROCESSOR_DEFINITIONS = (
					"DEBUG=1",
					"$(inherited)",
				);
				GCC_WARN_64_TO_32_BIT_CONVERSION = YES;
				GCC_WARN_ABOUT_RETURN_TYPE = YES_ERROR;
				GCC_WARN_UNDECLARED_SELECTOR = YES;
				GCC_WARN_UNINITIALIZED_AUTOS = YES_AGGRESSIVE;
				GCC_WARN_UNUSED_FUNCTION = YES;
				GCC_WARN_UNUSED_VARIABLE = YES;
				IPHONEOS_DEPLOYMENT_TARGET = 14.4;
				MTL_ENABLE_DEBUG_INFO = INCLUDE_SOURCE;
				MTL_FAST_MATH = YES;
				ONLY_ACTIVE_ARCH = YES;
				SDKROOT = iphoneos;
				SWIFT_ACTIVE_COMPILATION_CONDITIONS = DEBUG;
				SWIFT_OPTIMIZATION_LEVEL = "-Onone";
			};
			name = Debug;
		};
		6AAC37F82632F13200B96CDC /* Release */ = {
			isa = XCBuildConfiguration;
			buildSettings = {
				ALWAYS_SEARCH_USER_PATHS = NO;
				CLANG_ANALYZER_NONNULL = YES;
				CLANG_ANALYZER_NUMBER_OBJECT_CONVERSION = YES_AGGRESSIVE;
				CLANG_CXX_LANGUAGE_STANDARD = "gnu++14";
				CLANG_CXX_LIBRARY = "libc++";
				CLANG_ENABLE_MODULES = YES;
				CLANG_ENABLE_OBJC_ARC = YES;
				CLANG_ENABLE_OBJC_WEAK = YES;
				CLANG_WARN_BLOCK_CAPTURE_AUTORELEASING = YES;
				CLANG_WARN_BOOL_CONVERSION = YES;
				CLANG_WARN_COMMA = YES;
				CLANG_WARN_CONSTANT_CONVERSION = YES;
				CLANG_WARN_DEPRECATED_OBJC_IMPLEMENTATIONS = YES;
				CLANG_WARN_DIRECT_OBJC_ISA_USAGE = YES_ERROR;
				CLANG_WARN_DOCUMENTATION_COMMENTS = YES;
				CLANG_WARN_EMPTY_BODY = YES;
				CLANG_WARN_ENUM_CONVERSION = YES;
				CLANG_WARN_INFINITE_RECURSION = YES;
				CLANG_WARN_INT_CONVERSION = YES;
				CLANG_WARN_NON_LITERAL_NULL_CONVERSION = YES;
				CLANG_WARN_OBJC_IMPLICIT_RETAIN_SELF = YES;
				CLANG_WARN_OBJC_LITERAL_CONVERSION = YES;
				CLANG_WARN_OBJC_ROOT_CLASS = YES_ERROR;
				CLANG_WARN_QUOTED_INCLUDE_IN_FRAMEWORK_HEADER = YES;
				CLANG_WARN_RANGE_LOOP_ANALYSIS = YES;
				CLANG_WARN_STRICT_PROTOTYPES = YES;
				CLANG_WARN_SUSPICIOUS_MOVE = YES;
				CLANG_WARN_UNGUARDED_AVAILABILITY = YES_AGGRESSIVE;
				CLANG_WARN_UNREACHABLE_CODE = YES;
				CLANG_WARN__DUPLICATE_METHOD_MATCH = YES;
				COPY_PHASE_STRIP = NO;
				DEBUG_INFORMATION_FORMAT = "dwarf-with-dsym";
				ENABLE_NS_ASSERTIONS = NO;
				ENABLE_STRICT_OBJC_MSGSEND = YES;
				GCC_C_LANGUAGE_STANDARD = gnu11;
				GCC_NO_COMMON_BLOCKS = YES;
				GCC_WARN_64_TO_32_BIT_CONVERSION = YES;
				GCC_WARN_ABOUT_RETURN_TYPE = YES_ERROR;
				GCC_WARN_UNDECLARED_SELECTOR = YES;
				GCC_WARN_UNINITIALIZED_AUTOS = YES_AGGRESSIVE;
				GCC_WARN_UNUSED_FUNCTION = YES;
				GCC_WARN_UNUSED_VARIABLE = YES;
				IPHONEOS_DEPLOYMENT_TARGET = 14.4;
				MTL_ENABLE_DEBUG_INFO = NO;
				MTL_FAST_MATH = YES;
				SDKROOT = iphoneos;
				SWIFT_COMPILATION_MODE = wholemodule;
				SWIFT_OPTIMIZATION_LEVEL = "-O";
				VALIDATE_PRODUCT = YES;
			};
			name = Release;
		};
		6AAC37FA2632F13200B96CDC /* Debug */ = {
			isa = XCBuildConfiguration;
			buildSettings = {
				ASSETCATALOG_COMPILER_APPICON_NAME = AppIcon;
				ASSETCATALOG_COMPILER_GLOBAL_ACCENT_COLOR_NAME = AccentColor;
				CODE_SIGN_STYLE = Automatic;
				DEVELOPMENT_ASSET_PATHS = "\"SwiftUICamera/Preview Content\"";
				ENABLE_PREVIEWS = YES;
				INFOPLIST_FILE = SwiftUICamera/Info.plist;
				IPHONEOS_DEPLOYMENT_TARGET = 14.0;
				LD_RUNPATH_SEARCH_PATHS = (
					"$(inherited)",
					"@executable_path/Frameworks",
				);
				PRODUCT_BUNDLE_IDENTIFIER = com.SwiftUICamera;
				PRODUCT_NAME = "$(TARGET_NAME)";
				SWIFT_VERSION = 5.0;
				TARGETED_DEVICE_FAMILY = "1,2";
			};
			name = Debug;
		};
		6AAC37FB2632F13200B96CDC /* Release */ = {
			isa = XCBuildConfiguration;
			buildSettings = {
				ASSETCATALOG_COMPILER_APPICON_NAME = AppIcon;
				ASSETCATALOG_COMPILER_GLOBAL_ACCENT_COLOR_NAME = AccentColor;
				CODE_SIGN_STYLE = Automatic;
				DEVELOPMENT_ASSET_PATHS = "\"SwiftUICamera/Preview Content\"";
				ENABLE_PREVIEWS = YES;
				INFOPLIST_FILE = SwiftUICamera/Info.plist;
				IPHONEOS_DEPLOYMENT_TARGET = 14.0;
				LD_RUNPATH_SEARCH_PATHS = (
					"$(inherited)",
					"@executable_path/Frameworks",
				);
				PRODUCT_BUNDLE_IDENTIFIER = com.SwiftUICamera;
				PRODUCT_NAME = "$(TARGET_NAME)";
				SWIFT_VERSION = 5.0;
				TARGETED_DEVICE_FAMILY = "1,2";
			};
			name = Release;
		};
		6AAC37FD2632F13200B96CDC /* Debug */ = {
			isa = XCBuildConfiguration;
			buildSettings = {
				ALWAYS_EMBED_SWIFT_STANDARD_LIBRARIES = YES;
				BUNDLE_LOADER = "$(TEST_HOST)";
				CODE_SIGN_STYLE = Automatic;
				INFOPLIST_FILE = SwiftUICameraTests/Info.plist;
				IPHONEOS_DEPLOYMENT_TARGET = 14.0;
				LD_RUNPATH_SEARCH_PATHS = (
					"$(inherited)",
					"@executable_path/Frameworks",
					"@loader_path/Frameworks",
				);
				PRODUCT_BUNDLE_IDENTIFIER = com.SwiftUICameraTests;
				PRODUCT_NAME = "$(TARGET_NAME)";
				SWIFT_VERSION = 5.0;
				TARGETED_DEVICE_FAMILY = "1,2";
				TEST_HOST = "$(BUILT_PRODUCTS_DIR)/SwiftUICamera.app/SwiftUICamera";
			};
			name = Debug;
		};
		6AAC37FE2632F13200B96CDC /* Release */ = {
			isa = XCBuildConfiguration;
			buildSettings = {
				ALWAYS_EMBED_SWIFT_STANDARD_LIBRARIES = YES;
				BUNDLE_LOADER = "$(TEST_HOST)";
				CODE_SIGN_STYLE = Automatic;
				INFOPLIST_FILE = SwiftUICameraTests/Info.plist;
				IPHONEOS_DEPLOYMENT_TARGET = 14.0;
				LD_RUNPATH_SEARCH_PATHS = (
					"$(inherited)",
					"@executable_path/Frameworks",
					"@loader_path/Frameworks",
				);
				PRODUCT_BUNDLE_IDENTIFIER = com.SwiftUICameraTests;
				PRODUCT_NAME = "$(TARGET_NAME)";
				SWIFT_VERSION = 5.0;
				TARGETED_DEVICE_FAMILY = "1,2";
				TEST_HOST = "$(BUILT_PRODUCTS_DIR)/SwiftUICamera.app/SwiftUICamera";
			};
			name = Release;
		};
		6AAC38002632F13200B96CDC /* Debug */ = {
			isa = XCBuildConfiguration;
			buildSettings = {
				ALWAYS_EMBED_SWIFT_STANDARD_LIBRARIES = YES;
				CODE_SIGN_STYLE = Automatic;
				INFOPLIST_FILE = SwiftUICameraUITests/Info.plist;
				LD_RUNPATH_SEARCH_PATHS = (
					"$(inherited)",
					"@executable_path/Frameworks",
					"@loader_path/Frameworks",
				);
				PRODUCT_BUNDLE_IDENTIFIER = com.SwiftUICameraUITests;
				PRODUCT_NAME = "$(TARGET_NAME)";
				SWIFT_VERSION = 5.0;
				TARGETED_DEVICE_FAMILY = "1,2";
				TEST_TARGET_NAME = SwiftUICamera;
			};
			name = Debug;
		};
		6AAC38012632F13200B96CDC /* Release */ = {
			isa = XCBuildConfiguration;
			buildSettings = {
				ALWAYS_EMBED_SWIFT_STANDARD_LIBRARIES = YES;
				CODE_SIGN_STYLE = Automatic;
				INFOPLIST_FILE = SwiftUICameraUITests/Info.plist;
				LD_RUNPATH_SEARCH_PATHS = (
					"$(inherited)",
					"@executable_path/Frameworks",
					"@loader_path/Frameworks",
				);
				PRODUCT_BUNDLE_IDENTIFIER = com.SwiftUICameraUITests;
				PRODUCT_NAME = "$(TARGET_NAME)";
				SWIFT_VERSION = 5.0;
				TARGETED_DEVICE_FAMILY = "1,2";
				TEST_TARGET_NAME = SwiftUICamera;
			};
			name = Release;
		};
/* End XCBuildConfiguration section */

/* Begin XCConfigurationList section */
		6AAC37CF2632F13000B96CDC /* Build configuration list for PBXProject "SwiftUICamera" */ = {
			isa = XCConfigurationList;
			buildConfigurations = (
				6AAC37F72632F13200B96CDC /* Debug */,
				6AAC37F82632F13200B96CDC /* Release */,
			);
			defaultConfigurationIsVisible = 0;
			defaultConfigurationName = Release;
		};
		6AAC37F92632F13200B96CDC /* Build configuration list for PBXNativeTarget "SwiftUICamera" */ = {
			isa = XCConfigurationList;
			buildConfigurations = (
				6AAC37FA2632F13200B96CDC /* Debug */,
				6AAC37FB2632F13200B96CDC /* Release */,
			);
			defaultConfigurationIsVisible = 0;
			defaultConfigurationName = Release;
		};
		6AAC37FC2632F13200B96CDC /* Build configuration list for PBXNativeTarget "SwiftUICameraTests" */ = {
			isa = XCConfigurationList;
			buildConfigurations = (
				6AAC37FD2632F13200B96CDC /* Debug */,
				6AAC37FE2632F13200B96CDC /* Release */,
			);
			defaultConfigurationIsVisible = 0;
			defaultConfigurationName = Release;
		};
		6AAC37FF2632F13200B96CDC /* Build configuration list for PBXNativeTarget "SwiftUICameraUITests" */ = {
			isa = XCConfigurationList;
			buildConfigurations = (
				6AAC38002632F13200B96CDC /* Debug */,
				6AAC38012632F13200B96CDC /* Release */,
			);
			defaultConfigurationIsVisible = 0;
			defaultConfigurationName = Release;
		};
/* End XCConfigurationList section */
	};
	rootObject = 6AAC37CC2632F13000B96CDC /* Project object */;
}
